
Microsoft Visual Studio Solution File, Format Version 12.00
# Visual Studio Version 16
VisualStudioVersion = 16.0.31112.23
MinimumVisualStudioVersion = 10.0.40219.1
Project("{9092AA53-FB77-4645-B42D-1CCCA6BD08BD}") = "HolaMundo", "HolaMundo.njsproj", "{F621BEAD-D923-4DC5-A689-99EBAD9B5E13}"
EndProject
Project("{2150E333-8FDC-42A3-9474-1A3956D46DE8}") = "webfiles", "webfiles", "{46EB9D18-7D7F-4B19-9C1C-607884D6280A}"
	ProjectSection(SolutionItems) = preProject
		home.html = home.html
	EndProjectSection
EndProject
Global
	GlobalSection(SolutionConfigurationPlatforms) = preSolution
		Debug|Any CPU = Debug|Any CPU
		Release|Any CPU = Release|Any CPU
	EndGlobalSection
	GlobalSection(ProjectConfigurationPlatforms) = postSolution
		{F621BEAD-D923-4DC5-A689-99EBAD9B5E13}.Debug|Any CPU.ActiveCfg = Debug|Any CPU
		{F621BEAD-D923-4DC5-A689-99EBAD9B5E13}.Debug|Any CPU.Build.0 = Debug|Any CPU
		{F621BEAD-D923-4DC5-A689-99EBAD9B5E13}.Release|Any CPU.ActiveCfg = Release|Any CPU
		{F621BEAD-D923-4DC5-A689-99EBAD9B5E13}.Release|Any CPU.Build.0 = Release|Any CPU
	EndGlobalSection
	GlobalSection(SolutionProperties) = preSolution
		HideSolutionNode = FALSE
	EndGlobalSection
	GlobalSection(ExtensibilityGlobals) = postSolution
		SolutionGuid = {A801CF0D-0F5B-47DD-8A11-A2E5B2D8A2F2}
	EndGlobalSection
EndGlobal
